
Microsoft Visual Studio Solution File, Format Version 12.00
# Visual Studio Version 17
VisualStudioVersion = 17.0.31903.59
MinimumVisualStudioVersion = 10.0.40219.1
Project("{9A19103F-16F7-4668-BE54-9A1E7A4F7556}") = "BLL", "BLL\BLL.csproj", "{517A3FB3-564E-4AA7-8D16-11D93DC6034C}"
EndProject
Project("{9A19103F-16F7-4668-BE54-9A1E7A4F7556}") = "API", "API\API.csproj", "{43FA9EA8-C3A0-49DC-A8D4-1523B721763B}"
EndProject
Global
	GlobalSection(SolutionConfigurationPlatforms) = preSolution
		Debug|Any CPU = Debug|Any CPU
		Release|Any CPU = Release|Any CPU
	EndGlobalSection
	GlobalSection(ProjectConfigurationPlatforms) = postSolution
		{517A3FB3-564E-4AA7-8D16-11D93DC6034C}.Debug|Any CPU.ActiveCfg = Debug|Any CPU
		{517A3FB3-564E-4AA7-8D16-11D93DC6034C}.Debug|Any CPU.Build.0 = Debug|Any CPU
		{517A3FB3-564E-4AA7-8D16-11D93DC6034C}.Release|Any CPU.ActiveCfg = Release|Any CPU
		{517A3FB3-564E-4AA7-8D16-11D93DC6034C}.Release|Any CPU.Build.0 = Release|Any CPU
		{43FA9EA8-C3A0-49DC-A8D4-1523B721763B}.Debug|Any CPU.ActiveCfg = Debug|Any CPU
		{43FA9EA8-C3A0-49DC-A8D4-1523B721763B}.Debug|Any CPU.Build.0 = Debug|Any CPU
		{43FA9EA8-C3A0-49DC-A8D4-1523B721763B}.Release|Any CPU.ActiveCfg = Release|Any CPU
		{43FA9EA8-C3A0-49DC-A8D4-1523B721763B}.Release|Any CPU.Build.0 = Release|Any CPU
	EndGlobalSection
	GlobalSection(SolutionProperties) = preSolution
		HideSolutionNode = FALSE
	EndGlobalSection
	GlobalSection(ExtensibilityGlobals) = postSolution
		SolutionGuid = {5EE2D9FB-010A-4AE3-BF31-51B80C77CBB7}
	EndGlobalSection
EndGlobal
